// !$*UTF8*$!
{
	archiveVersion = 1;
	classes = {
	};
	objectVersion = 56;
	objects = {

/* Begin PBXBuildFile section */
		04E0F75F2BADA61700F84B3C /* davalebaApp.swift in Sources */ = {isa = PBXBuildFile; fileRef = 04E0F75E2BADA61700F84B3C /* davalebaApp.swift */; };
		04E0F7612BADA61700F84B3C /* ContentView.swift in Sources */ = {isa = PBXBuildFile; fileRef = 04E0F7602BADA61700F84B3C /* ContentView.swift */; };
		04E0F7632BADA61B00F84B3C /* Assets.xcassets in Resources */ = {isa = PBXBuildFile; fileRef = 04E0F7622BADA61B00F84B3C /* Assets.xcassets */; };
		04E0F7662BADA61B00F84B3C /* Preview Assets.xcassets in Resources */ = {isa = PBXBuildFile; fileRef = 04E0F7652BADA61B00F84B3C /* Preview Assets.xcassets */; };
		04E0F7712BADA61B00F84B3C /* davalebaTests.swift in Sources */ = {isa = PBXBuildFile; fileRef = 04E0F7702BADA61B00F84B3C /* davalebaTests.swift */; };
		04E0F77B2BADA61C00F84B3C /* davalebaUITests.swift in Sources */ = {isa = PBXBuildFile; fileRef = 04E0F77A2BADA61C00F84B3C /* davalebaUITests.swift */; };
		04E0F77D2BADA61C00F84B3C /* davalebaUITestsLaunchTests.swift in Sources */ = {isa = PBXBuildFile; fileRef = 04E0F77C2BADA61C00F84B3C /* davalebaUITestsLaunchTests.swift */; };
/* End PBXBuildFile section */

/* Begin PBXContainerItemProxy section */
		04E0F76D2BADA61B00F84B3C /* PBXContainerItemProxy */ = {
			isa = PBXContainerItemProxy;
			containerPortal = 04E0F7532BADA61700F84B3C /* Project object */;
			proxyType = 1;
			remoteGlobalIDString = 04E0F75A2BADA61700F84B3C;
			remoteInfo = davaleba;
		};
		04E0F7772BADA61C00F84B3C /* PBXContainerItemProxy */ = {
			isa = PBXContainerItemProxy;
			containerPortal = 04E0F7532BADA61700F84B3C /* Project object */;
			proxyType = 1;
			remoteGlobalIDString = 04E0F75A2BADA61700F84B3C;
			remoteInfo = davaleba;
		};
/* End PBXContainerItemProxy section */

/* Begin PBXFileReference section */
		04E0F75B2BADA61700F84B3C /* davaleba.app */ = {isa = PBXFileReference; explicitFileType = wrapper.application; includeInIndex = 0; path = davaleba.app; sourceTree = BUILT_PRODUCTS_DIR; };
		04E0F75E2BADA61700F84B3C /* davalebaApp.swift */ = {isa = PBXFileReference; lastKnownFileType = sourcecode.swift; path = davalebaApp.swift; sourceTree = "<group>"; };
		04E0F7602BADA61700F84B3C /* ContentView.swift */ = {isa = PBXFileReference; lastKnownFileType = sourcecode.swift; path = ContentView.swift; sourceTree = "<group>"; };
		04E0F7622BADA61B00F84B3C /* Assets.xcassets */ = {isa = PBXFileReference; lastKnownFileType = folder.assetcatalog; path = Assets.xcassets; sourceTree = "<group>"; };
		04E0F7652BADA61B00F84B3C /* Preview Assets.xcassets */ = {isa = PBXFileReference; lastKnownFileType = folder.assetcatalog; path = "Preview Assets.xcassets"; sourceTree = "<group>"; };
		04E0F7672BADA61B00F84B3C /* davaleba.entitlements */ = {isa = PBXFileReference; lastKnownFileType = text.plist.entitlements; path = davaleba.entitlements; sourceTree = "<group>"; };
		04E0F76C2BADA61B00F84B3C /* davalebaTests.xctest */ = {isa = PBXFileReference; explicitFileType = wrapper.cfbundle; includeInIndex = 0; path = davalebaTests.xctest; sourceTree = BUILT_PRODUCTS_DIR; };
		04E0F7702BADA61B00F84B3C /* davalebaTests.swift */ = {isa = PBXFileReference; lastKnownFileType = sourcecode.swift; path = davalebaTests.swift; sourceTree = "<group>"; };
		04E0F7762BADA61C00F84B3C /* davalebaUITests.xctest */ = {isa = PBXFileReference; explicitFileType = wrapper.cfbundle; includeInIndex = 0; path = davalebaUITests.xctest; sourceTree = BUILT_PRODUCTS_DIR; };
		04E0F77A2BADA61C00F84B3C /* davalebaUITests.swift */ = {isa = PBXFileReference; lastKnownFileType = sourcecode.swift; path = davalebaUITests.swift; sourceTree = "<group>"; };
		04E0F77C2BADA61C00F84B3C /* davalebaUITestsLaunchTests.swift */ = {isa = PBXFileReference; lastKnownFileType = sourcecode.swift; path = davalebaUITestsLaunchTests.swift; sourceTree = "<group>"; };
/* End PBXFileReference section */

/* Begin PBXFrameworksBuildPhase section */
		04E0F7582BADA61700F84B3C /* Frameworks */ = {
			isa = PBXFrameworksBuildPhase;
			buildActionMask = 2147483647;
			files = (
			);
			runOnlyForDeploymentPostprocessing = 0;
		};
		04E0F7692BADA61B00F84B3C /* Frameworks */ = {
			isa = PBXFrameworksBuildPhase;
			buildActionMask = 2147483647;
			files = (
			);
			runOnlyForDeploymentPostprocessing = 0;
		};
		04E0F7732BADA61C00F84B3C /* Frameworks */ = {
			isa = PBXFrameworksBuildPhase;
			buildActionMask = 2147483647;
			files = (
			);
			runOnlyForDeploymentPostprocessing = 0;
		};
/* End PBXFrameworksBuildPhase section */

/* Begin PBXGroup section */
		04E0F7522BADA61700F84B3C = {
			isa = PBXGroup;
			children = (
				04E0F75D2BADA61700F84B3C /* davaleba */,
				04E0F76F2BADA61B00F84B3C /* davalebaTests */,
				04E0F7792BADA61C00F84B3C /* davalebaUITests */,
				04E0F75C2BADA61700F84B3C /* Products */,
			);
			sourceTree = "<group>";
		};
		04E0F75C2BADA61700F84B3C /* Products */ = {
			isa = PBXGroup;
			children = (
				04E0F75B2BADA61700F84B3C /* davaleba.app */,
				04E0F76C2BADA61B00F84B3C /* davalebaTests.xctest */,
				04E0F7762BADA61C00F84B3C /* davalebaUITests.xctest */,
			);
			name = Products;
			sourceTree = "<group>";
		};
		04E0F75D2BADA61700F84B3C /* davaleba */ = {
			isa = PBXGroup;
			children = (
				04E0F75E2BADA61700F84B3C /* davalebaApp.swift */,
				04E0F7602BADA61700F84B3C /* ContentView.swift */,
				04E0F7622BADA61B00F84B3C /* Assets.xcassets */,
				04E0F7672BADA61B00F84B3C /* davaleba.entitlements */,
				04E0F7642BADA61B00F84B3C /* Preview Content */,
			);
			path = davaleba;
			sourceTree = "<group>";
		};
		04E0F7642BADA61B00F84B3C /* Preview Content */ = {
			isa = PBXGroup;
			children = (
				04E0F7652BADA61B00F84B3C /* Preview Assets.xcassets */,
			);
			path = "Preview Content";
			sourceTree = "<group>";
		};
		04E0F76F2BADA61B00F84B3C /* davalebaTests */ = {
			isa = PBXGroup;
			children = (
				04E0F7702BADA61B00F84B3C /* davalebaTests.swift */,
			);
			path = davalebaTests;
			sourceTree = "<group>";
		};
		04E0F7792BADA61C00F84B3C /* davalebaUITests */ = {
			isa = PBXGroup;
			children = (
				04E0F77A2BADA61C00F84B3C /* davalebaUITests.swift */,
				04E0F77C2BADA61C00F84B3C /* davalebaUITestsLaunchTests.swift */,
			);
			path = davalebaUITests;
			sourceTree = "<group>";
		};
/* End PBXGroup section */

/* Begin PBXNativeTarget section */
		04E0F75A2BADA61700F84B3C /* davaleba */ = {
			isa = PBXNativeTarget;
			buildConfigurationList = 04E0F7802BADA61C00F84B3C /* Build configuration list for PBXNativeTarget "davaleba" */;
			buildPhases = (
				04E0F7572BADA61700F84B3C /* Sources */,
				04E0F7582BADA61700F84B3C /* Frameworks */,
				04E0F7592BADA61700F84B3C /* Resources */,
			);
			buildRules = (
			);
			dependencies = (
			);
			name = davaleba;
			productName = davaleba;
			productReference = 04E0F75B2BADA61700F84B3C /* davaleba.app */;
			productType = "com.apple.product-type.application";
		};
		04E0F76B2BADA61B00F84B3C /* davalebaTests */ = {
			isa = PBXNativeTarget;
			buildConfigurationList = 04E0F7832BADA61C00F84B3C /* Build configuration list for PBXNativeTarget "davalebaTests" */;
			buildPhases = (
				04E0F7682BADA61B00F84B3C /* Sources */,
				04E0F7692BADA61B00F84B3C /* Frameworks */,
				04E0F76A2BADA61B00F84B3C /* Resources */,
			);
			buildRules = (
			);
			dependencies = (
				04E0F76E2BADA61B00F84B3C /* PBXTargetDependency */,
			);
			name = davalebaTests;
			productName = davalebaTests;
			productReference = 04E0F76C2BADA61B00F84B3C /* davalebaTests.xctest */;
			productType = "com.apple.product-type.bundle.unit-test";
		};
		04E0F7752BADA61C00F84B3C /* davalebaUITests */ = {
			isa = PBXNativeTarget;
			buildConfigurationList = 04E0F7862BADA61C00F84B3C /* Build configuration list for PBXNativeTarget "davalebaUITests" */;
			buildPhases = (
				04E0F7722BADA61C00F84B3C /* Sources */,
				04E0F7732BADA61C00F84B3C /* Frameworks */,
				04E0F7742BADA61C00F84B3C /* Resources */,
			);
			buildRules = (
			);
			dependencies = (
				04E0F7782BADA61C00F84B3C /* PBXTargetDependency */,
			);
			name = davalebaUITests;
			productName = davalebaUITests;
			productReference = 04E0F7762BADA61C00F84B3C /* davalebaUITests.xctest */;
			productType = "com.apple.product-type.bundle.ui-testing";
		};
/* End PBXNativeTarget section */

/* Begin PBXProject section */
		04E0F7532BADA61700F84B3C /* Project object */ = {
			isa = PBXProject;
			attributes = {
				BuildIndependentTargetsInParallel = 1;
				LastSwiftUpdateCheck = 1420;
				LastUpgradeCheck = 1420;
				TargetAttributes = {
					04E0F75A2BADA61700F84B3C = {
						CreatedOnToolsVersion = 14.2;
					};
					04E0F76B2BADA61B00F84B3C = {
						CreatedOnToolsVersion = 14.2;
						TestTargetID = 04E0F75A2BADA61700F84B3C;
					};
					04E0F7752BADA61C00F84B3C = {
						CreatedOnToolsVersion = 14.2;
						TestTargetID = 04E0F75A2BADA61700F84B3C;
					};
				};
			};
			buildConfigurationList = 04E0F7562BADA61700F84B3C /* Build configuration list for PBXProject "davaleba" */;
			compatibilityVersion = "Xcode 14.0";
			developmentRegion = en;
			hasScannedForEncodings = 0;
			knownRegions = (
				en,
				Base,
			);
			mainGroup = 04E0F7522BADA61700F84B3C;
			productRefGroup = 04E0F75C2BADA61700F84B3C /* Products */;
			projectDirPath = "";
			projectRoot = "";
			targets = (
				04E0F75A2BADA61700F84B3C /* davaleba */,
				04E0F76B2BADA61B00F84B3C /* davalebaTests */,
				04E0F7752BADA61C00F84B3C /* davalebaUITests */,
			);
		};
/* End PBXProject section */

/* Begin PBXResourcesBuildPhase section */
		04E0F7592BADA61700F84B3C /* Resources */ = {
			isa = PBXResourcesBuildPhase;
			buildActionMask = 2147483647;
			files = (
				04E0F7662BADA61B00F84B3C /* Preview Assets.xcassets in Resources */,
				04E0F7632BADA61B00F84B3C /* Assets.xcassets in Resources */,
			);
			runOnlyForDeploymentPostprocessing = 0;
		};
		04E0F76A2BADA61B00F84B3C /* Resources */ = {
			isa = PBXResourcesBuildPhase;
			buildActionMask = 2147483647;
			files = (
			);
			runOnlyForDeploymentPostprocessing = 0;
		};
		04E0F7742BADA61C00F84B3C /* Resources */ = {
			isa = PBXResourcesBuildPhase;
			buildActionMask = 2147483647;
			files = (
			);
			runOnlyForDeploymentPostprocessing = 0;
		};
/* End PBXResourcesBuildPhase section */

/* Begin PBXSourcesBuildPhase section */
		04E0F7572BADA61700F84B3C /* Sources */ = {
			isa = PBXSourcesBuildPhase;
			buildActionMask = 2147483647;
			files = (
				04E0F7612BADA61700F84B3C /* ContentView.swift in Sources */,
				04E0F75F2BADA61700F84B3C /* davalebaApp.swift in Sources */,
			);
			runOnlyForDeploymentPostprocessing = 0;
		};
		04E0F7682BADA61B00F84B3C /* Sources */ = {
			isa = PBXSourcesBuildPhase;
			buildActionMask = 2147483647;
			files = (
				04E0F7712BADA61B00F84B3C /* davalebaTests.swift in Sources */,
			);
			runOnlyForDeploymentPostprocessing = 0;
		};
		04E0F7722BADA61C00F84B3C /* Sources */ = {
			isa = PBXSourcesBuildPhase;
			buildActionMask = 2147483647;
			files = (
				04E0F77D2BADA61C00F84B3C /* davalebaUITestsLaunchTests.swift in Sources */,
				04E0F77B2BADA61C00F84B3C /* davalebaUITests.swift in Sources */,
			);
			runOnlyForDeploymentPostprocessing = 0;
		};
/* End PBXSourcesBuildPhase section */

/* Begin PBXTargetDependency section */
		04E0F76E2BADA61B00F84B3C /* PBXTargetDependency */ = {
			isa = PBXTargetDependency;
			target = 04E0F75A2BADA61700F84B3C /* davaleba */;
			targetProxy = 04E0F76D2BADA61B00F84B3C /* PBXContainerItemProxy */;
		};
		04E0F7782BADA61C00F84B3C /* PBXTargetDependency */ = {
			isa = PBXTargetDependency;
			target = 04E0F75A2BADA61700F84B3C /* davaleba */;
			targetProxy = 04E0F7772BADA61C00F84B3C /* PBXContainerItemProxy */;
		};
/* End PBXTargetDependency section */

/* Begin XCBuildConfiguration section */
		04E0F77E2BADA61C00F84B3C /* Debug */ = {
			isa = XCBuildConfiguration;
			buildSettings = {
				ALWAYS_SEARCH_USER_PATHS = NO;
				CLANG_ANALYZER_NONNULL = YES;
				CLANG_ANALYZER_NUMBER_OBJECT_CONVERSION = YES_AGGRESSIVE;
				CLANG_CXX_LANGUAGE_STANDARD = "gnu++20";
				CLANG_ENABLE_MODULES = YES;
				CLANG_ENABLE_OBJC_ARC = YES;
				CLANG_ENABLE_OBJC_WEAK = YES;
				CLANG_WARN_BLOCK_CAPTURE_AUTORELEASING = YES;
				CLANG_WARN_BOOL_CONVERSION = YES;
				CLANG_WARN_COMMA = YES;
				CLANG_WARN_CONSTANT_CONVERSION = YES;
				CLANG_WARN_DEPRECATED_OBJC_IMPLEMENTATIONS = YES;
				CLANG_WARN_DIRECT_OBJC_ISA_USAGE = YES_ERROR;
				CLANG_WARN_DOCUMENTATION_COMMENTS = YES;
				CLANG_WARN_EMPTY_BODY = YES;
				CLANG_WARN_ENUM_CONVERSION = YES;
				CLANG_WARN_INFINITE_RECURSION = YES;
				CLANG_WARN_INT_CONVERSION = YES;
				CLANG_WARN_NON_LITERAL_NULL_CONVERSION = YES;
				CLANG_WARN_OBJC_IMPLICIT_RETAIN_SELF = YES;
				CLANG_WARN_OBJC_LITERAL_CONVERSION = YES;
				CLANG_WARN_OBJC_ROOT_CLASS = YES_ERROR;
				CLANG_WARN_QUOTED_INCLUDE_IN_FRAMEWORK_HEADER = YES;
				CLANG_WARN_RANGE_LOOP_ANALYSIS = YES;
				CLANG_WARN_STRICT_PROTOTYPES = YES;
				CLANG_WARN_SUSPICIOUS_MOVE = YES;
				CLANG_WARN_UNGUARDED_AVAILABILITY = YES_AGGRESSIVE;
				CLANG_WARN_UNREACHABLE_CODE = YES;
				CLANG_WARN__DUPLICATE_METHOD_MATCH = YES;
				COPY_PHASE_STRIP = NO;
				DEBUG_INFORMATION_FORMAT = dwarf;
				ENABLE_STRICT_OBJC_MSGSEND = YES;
				ENABLE_TESTABILITY = YES;
				GCC_C_LANGUAGE_STANDARD = gnu11;
				GCC_DYNAMIC_NO_PIC = NO;
				GCC_NO_COMMON_BLOCKS = YES;
				GCC_OPTIMIZATION_LEVEL = 0;
				GCC_PREPROCESSOR_DEFINITIONS = (
					"DEBUG=1",
					"$(inherited)",
				);
				GCC_WARN_64_TO_32_BIT_CONVERSION = YES;
				GCC_WARN_ABOUT_RETURN_TYPE = YES_ERROR;
				GCC_WARN_UNDECLARED_SELECTOR = YES;
				GCC_WARN_UNINITIALIZED_AUTOS = YES_AGGRESSIVE;
				GCC_WARN_UNUSED_FUNCTION = YES;
				GCC_WARN_UNUSED_VARIABLE = YES;
				MACOSX_DEPLOYMENT_TARGET = 12.7;
				MTL_ENABLE_DEBUG_INFO = INCLUDE_SOURCE;
				MTL_FAST_MATH = YES;
				ONLY_ACTIVE_ARCH = YES;
				SDKROOT = macosx;
				SWIFT_ACTIVE_COMPILATION_CONDITIONS = DEBUG;
				SWIFT_OPTIMIZATION_LEVEL = "-Onone";
			};
			name = Debug;
		};
		04E0F77F2BADA61C00F84B3C /* Release */ = {
			isa = XCBuildConfiguration;
			buildSettings = {
				ALWAYS_SEARCH_USER_PATHS = NO;
				CLANG_ANALYZER_NONNULL = YES;
				CLANG_ANALYZER_NUMBER_OBJECT_CONVERSION = YES_AGGRESSIVE;
				CLANG_CXX_LANGUAGE_STANDARD = "gnu++20";
				CLANG_ENABLE_MODULES = YES;
				CLANG_ENABLE_OBJC_ARC = YES;
				CLANG_ENABLE_OBJC_WEAK = YES;
				CLANG_WARN_BLOCK_CAPTURE_AUTORELEASING = YES;
				CLANG_WARN_BOOL_CONVERSION = YES;
				CLANG_WARN_COMMA = YES;
				CLANG_WARN_CONSTANT_CONVERSION = YES;
				CLANG_WARN_DEPRECATED_OBJC_IMPLEMENTATIONS = YES;
				CLANG_WARN_DIRECT_OBJC_ISA_USAGE = YES_ERROR;
				CLANG_WARN_DOCUMENTATION_COMMENTS = YES;
				CLANG_WARN_EMPTY_BODY = YES;
				CLANG_WARN_ENUM_CONVERSION = YES;
				CLANG_WARN_INFINITE_RECURSION = YES;
				CLANG_WARN_INT_CONVERSION = YES;
				CLANG_WARN_NON_LITERAL_NULL_CONVERSION = YES;
				CLANG_WARN_OBJC_IMPLICIT_RETAIN_SELF = YES;
				CLANG_WARN_OBJC_LITERAL_CONVERSION = YES;
				CLANG_WARN_OBJC_ROOT_CLASS = YES_ERROR;
				CLANG_WARN_QUOTED_INCLUDE_IN_FRAMEWORK_HEADER = YES;
				CLANG_WARN_RANGE_LOOP_ANALYSIS = YES;
				CLANG_WARN_STRICT_PROTOTYPES = YES;
				CLANG_WARN_SUSPICIOUS_MOVE = YES;
				CLANG_WARN_UNGUARDED_AVAILABILITY = YES_AGGRESSIVE;
				CLANG_WARN_UNREACHABLE_CODE = YES;
				CLANG_WARN__DUPLICATE_METHOD_MATCH = YES;
				COPY_PHASE_STRIP = NO;
				DEBUG_INFORMATION_FORMAT = "dwarf-with-dsym";
				ENABLE_NS_ASSERTIONS = NO;
				ENABLE_STRICT_OBJC_MSGSEND = YES;
				GCC_C_LANGUAGE_STANDARD = gnu11;
				GCC_NO_COMMON_BLOCKS = YES;
				GCC_WARN_64_TO_32_BIT_CONVERSION = YES;
				GCC_WARN_ABOUT_RETURN_TYPE = YES_ERROR;
				GCC_WARN_UNDECLARED_SELECTOR = YES;
				GCC_WARN_UNINITIALIZED_AUTOS = YES_AGGRESSIVE;
				GCC_WARN_UNUSED_FUNCTION = YES;
				GCC_WARN_UNUSED_VARIABLE = YES;
				MACOSX_DEPLOYMENT_TARGET = 12.7;
				MTL_ENABLE_DEBUG_INFO = NO;
				MTL_FAST_MATH = YES;
				SDKROOT = macosx;
				SWIFT_COMPILATION_MODE = wholemodule;
				SWIFT_OPTIMIZATION_LEVEL = "-O";
			};
			name = Release;
		};
		04E0F7812BADA61C00F84B3C /* Debug */ = {
			isa = XCBuildConfiguration;
			buildSettings = {
				ASSETCATALOG_COMPILER_APPICON_NAME = AppIcon;
				ASSETCATALOG_COMPILER_GLOBAL_ACCENT_COLOR_NAME = AccentColor;
				CODE_SIGN_ENTITLEMENTS = davaleba/davaleba.entitlements;
				CODE_SIGN_STYLE = Automatic;
				COMBINE_HIDPI_IMAGES = YES;
				CURRENT_PROJECT_VERSION = 1;
				DEVELOPMENT_ASSET_PATHS = "\"davaleba/Preview Content\"";
				ENABLE_PREVIEWS = YES;
				GENERATE_INFOPLIST_FILE = YES;
				INFOPLIST_KEY_NSHumanReadableCopyright = "";
				LD_RUNPATH_SEARCH_PATHS = (
					"$(inherited)",
					"@executable_path/../Frameworks",
				);
				MARKETING_VERSION = 1.0;
				PRODUCT_BUNDLE_IDENTIFIER = b.davaleba;
				PRODUCT_NAME = "$(TARGET_NAME)";
				SWIFT_EMIT_LOC_STRINGS = YES;
				SWIFT_VERSION = 5.0;
			};
			name = Debug;
		};
		04E0F7822BADA61C00F84B3C /* Release */ = {
			isa = XCBuildConfiguration;
			buildSettings = {
				ASSETCATALOG_COMPILER_APPICON_NAME = AppIcon;
				ASSETCATALOG_COMPILER_GLOBAL_ACCENT_COLOR_NAME = AccentColor;
				CODE_SIGN_ENTITLEMENTS = davaleba/davaleba.entitlements;
				CODE_SIGN_STYLE = Automatic;
				COMBINE_HIDPI_IMAGES = YES;
				CURRENT_PROJECT_VERSION = 1;
				DEVELOPMENT_ASSET_PATHS = "\"davaleba/Preview Content\"";
				ENABLE_PREVIEWS = YES;
				GENERATE_INFOPLIST_FILE = YES;
				INFOPLIST_KEY_NSHumanReadableCopyright = "";
				LD_RUNPATH_SEARCH_PATHS = (
					"$(inherited)",
					"@executable_path/../Frameworks",
				);
				MARKETING_VERSION = 1.0;
				PRODUCT_BUNDLE_IDENTIFIER = b.davaleba;
				PRODUCT_NAME = "$(TARGET_NAME)";
				SWIFT_EMIT_LOC_STRINGS = YES;
				SWIFT_VERSION = 5.0;
			};
			name = Release;
		};
		04E0F7842BADA61C00F84B3C /* Debug */ = {
			isa = XCBuildConfiguration;
			buildSettings = {
				ALWAYS_EMBED_SWIFT_STANDARD_LIBRARIES = YES;
				BUNDLE_LOADER = "$(TEST_HOST)";
				CODE_SIGN_STYLE = Automatic;
				CURRENT_PROJECT_VERSION = 1;
				GENERATE_INFOPLIST_FILE = YES;
				MACOSX_DEPLOYMENT_TARGET = 12.7;
				MARKETING_VERSION = 1.0;
				PRODUCT_BUNDLE_IDENTIFIER = b.davalebaTests;
				PRODUCT_NAME = "$(TARGET_NAME)";
				SWIFT_EMIT_LOC_STRINGS = NO;
				SWIFT_VERSION = 5.0;
				TEST_HOST = "$(BUILT_PRODUCTS_DIR)/davaleba.app/$(BUNDLE_EXECUTABLE_FOLDER_PATH)/davaleba";
			};
			name = Debug;
		};
		04E0F7852BADA61C00F84B3C /* Release */ = {
			isa = XCBuildConfiguration;
			buildSettings = {
				ALWAYS_EMBED_SWIFT_STANDARD_LIBRARIES = YES;
				BUNDLE_LOADER = "$(TEST_HOST)";
				CODE_SIGN_STYLE = Automatic;
				CURRENT_PROJECT_VERSION = 1;
				GENERATE_INFOPLIST_FILE = YES;
				MACOSX_DEPLOYMENT_TARGET = 12.7;
				MARKETING_VERSION = 1.0;
				PRODUCT_BUNDLE_IDENTIFIER = b.davalebaTests;
				PRODUCT_NAME = "$(TARGET_NAME)";
				SWIFT_EMIT_LOC_STRINGS = NO;
				SWIFT_VERSION = 5.0;
				TEST_HOST = "$(BUILT_PRODUCTS_DIR)/davaleba.app/$(BUNDLE_EXECUTABLE_FOLDER_PATH)/davaleba";
			};
			name = Release;
		};
		04E0F7872BADA61C00F84B3C /* Debug */ = {
			isa = XCBuildConfiguration;
			buildSettings = {
				ALWAYS_EMBED_SWIFT_STANDARD_LIBRARIES = YES;
				CODE_SIGN_STYLE = Automatic;
				CURRENT_PROJECT_VERSION = 1;
				GENERATE_INFOPLIST_FILE = YES;
				MARKETING_VERSION = 1.0;
				PRODUCT_BUNDLE_IDENTIFIER = b.davalebaUITests;
				PRODUCT_NAME = "$(TARGET_NAME)";
				SWIFT_EMIT_LOC_STRINGS = NO;
				SWIFT_VERSION = 5.0;
				TEST_TARGET_NAME = davaleba;
			};
			name = Debug;
		};
		04E0F7882BADA61C00F84B3C /* Release */ = {
			isa = XCBuildConfiguration;
			buildSettings = {
				ALWAYS_EMBED_SWIFT_STANDARD_LIBRARIES = YES;
				CODE_SIGN_STYLE = Automatic;
				CURRENT_PROJECT_VERSION = 1;
				GENERATE_INFOPLIST_FILE = YES;
				MARKETING_VERSION = 1.0;
				PRODUCT_BUNDLE_IDENTIFIER = b.davalebaUITests;
				PRODUCT_NAME = "$(TARGET_NAME)";
				SWIFT_EMIT_LOC_STRINGS = NO;
				SWIFT_VERSION = 5.0;
				TEST_TARGET_NAME = davaleba;
			};
			name = Release;
		};
/* End XCBuildConfiguration section */

/* Begin XCConfigurationList section */
		04E0F7562BADA61700F84B3C /* Build configuration list for PBXProject "davaleba" */ = {
			isa = XCConfigurationList;
			buildConfigurations = (
				04E0F77E2BADA61C00F84B3C /* Debug */,
				04E0F77F2BADA61C00F84B3C /* Release */,
			);
			defaultConfigurationIsVisible = 0;
			defaultConfigurationName = Release;
		};
		04E0F7802BADA61C00F84B3C /* Build configuration list for PBXNativeTarget "davaleba" */ = {
			isa = XCConfigurationList;
			buildConfigurations = (
				04E0F7812BADA61C00F84B3C /* Debug */,
				04E0F7822BADA61C00F84B3C /* Release */,
			);
			defaultConfigurationIsVisible = 0;
			defaultConfigurationName = Release;
		};
		04E0F7832BADA61C00F84B3C /* Build configuration list for PBXNativeTarget "davalebaTests" */ = {
			isa = XCConfigurationList;
			buildConfigurations = (
				04E0F7842BADA61C00F84B3C /* Debug */,
				04E0F7852BADA61C00F84B3C /* Release */,
			);
			defaultConfigurationIsVisible = 0;
			defaultConfigurationName = Release;
		};
		04E0F7862BADA61C00F84B3C /* Build configuration list for PBXNativeTarget "davalebaUITests" */ = {
			isa = XCConfigurationList;
			buildConfigurations = (
				04E0F7872BADA61C00F84B3C /* Debug */,
				04E0F7882BADA61C00F84B3C /* Release */,
			);
			defaultConfigurationIsVisible = 0;
			defaultConfigurationName = Release;
		};
/* End XCConfigurationList section */
	};
	rootObject = 04E0F7532BADA61700F84B3C /* Project object */;
}
